
Microsoft Visual Studio Solution File, Format Version 11.00
# Visual Studio 2010
Project("{FAE04EC0-301F-11D3-BF4B-00C04F79EFBC}") = "SpaceProto", "SpaceProto.csproj", "{F38F61D7-4D89-4966-91A4-713E4F883E07}"
EndProject
Global
	GlobalSection(SolutionConfigurationPlatforms) = preSolution
		Debug|Any CPU = Debug|Any CPU
		Release|Any CPU = Release|Any CPU
	EndGlobalSection
	GlobalSection(ProjectConfigurationPlatforms) = postSolution
		{F38F61D7-4D89-4966-91A4-713E4F883E07}.Debug|Any CPU.ActiveCfg = Debug|Any CPU
		{F38F61D7-4D89-4966-91A4-713E4F883E07}.Debug|Any CPU.Build.0 = Debug|Any CPU
		{F38F61D7-4D89-4966-91A4-713E4F883E07}.Release|Any CPU.ActiveCfg = Release|Any CPU
		{F38F61D7-4D89-4966-91A4-713E4F883E07}.Release|Any CPU.Build.0 = Release|Any CPU
	EndGlobalSection
	GlobalSection(MonoDevelopProperties) = preSolution
		StartupItem = SpaceProto.csproj
	EndGlobalSection
EndGlobal
